
Microsoft Visual Studio Solution File, Format Version 12.00
# Visual Studio 15
VisualStudioVersion = 15.0.26430.15
MinimumVisualStudioVersion = 10.0.40219.1
Project("{2150E333-8FDC-42A3-9474-1A3956D46DE8}") = "Engine", "Engine", "{268EE59E-46D0-4FAC-A5ED-00C8D5F1402A}"
EndProject
Project("{2150E333-8FDC-42A3-9474-1A3956D46DE8}") = "Games", "Games", "{4F587983-0D1B-4D64-98CB-D2746E0E620E}"
EndProject
Project("{8BC9CEB8-8B4A-11D0-8D11-00A0C91BC942}") = "UE4", "Intermediate\ProjectFiles\UE4.vcxproj", "{9DF53E94-9AD0-4DE1-BA4E-186E2013798F}"
EndProject
Project("{8BC9CEB8-8B4A-11D0-8D11-00A0C91BC942}") = "BuildingEscape", "Intermediate\ProjectFiles\BuildingEscape.vcxproj", "{1EB14050-2B6A-42BA-8F1A-95D312750B2A}"
EndProject
Global
	GlobalSection(SolutionConfigurationPlatforms) = preSolution
		DebugGame Editor|HTML5 = DebugGame Editor|HTML5
		DebugGame Editor|Win32 = DebugGame Editor|Win32
		DebugGame Editor|Win64 = DebugGame Editor|Win64
		DebugGame|HTML5 = DebugGame|HTML5
		DebugGame|Win32 = DebugGame|Win32
		DebugGame|Win64 = DebugGame|Win64
		Development Editor|HTML5 = Development Editor|HTML5
		Development Editor|Win32 = Development Editor|Win32
		Development Editor|Win64 = Development Editor|Win64
		Development|HTML5 = Development|HTML5
		Development|Win32 = Development|Win32
		Development|Win64 = Development|Win64
		Shipping|HTML5 = Shipping|HTML5
		Shipping|Win32 = Shipping|Win32
		Shipping|Win64 = Shipping|Win64
	EndGlobalSection
	GlobalSection(ProjectConfigurationPlatforms) = postSolution
		{9DF53E94-9AD0-4DE1-BA4E-186E2013798F}.DebugGame Editor|HTML5.ActiveCfg = BuiltWithUnrealBuildTool|Win32
		{9DF53E94-9AD0-4DE1-BA4E-186E2013798F}.DebugGame Editor|HTML5.Build.0 = BuiltWithUnrealBuildTool|Win32
		{9DF53E94-9AD0-4DE1-BA4E-186E2013798F}.DebugGame Editor|Win32.ActiveCfg = BuiltWithUnrealBuildTool|Win32
		{9DF53E94-9AD0-4DE1-BA4E-186E2013798F}.DebugGame Editor|Win32.Build.0 = BuiltWithUnrealBuildTool|Win32
		{9DF53E94-9AD0-4DE1-BA4E-186E2013798F}.DebugGame Editor|Win64.ActiveCfg = BuiltWithUnrealBuildTool|Win32
		{9DF53E94-9AD0-4DE1-BA4E-186E2013798F}.DebugGame Editor|Win64.Build.0 = BuiltWithUnrealBuildTool|Win32
		{9DF53E94-9AD0-4DE1-BA4E-186E2013798F}.DebugGame|HTML5.ActiveCfg = BuiltWithUnrealBuildTool|Win32
		{9DF53E94-9AD0-4DE1-BA4E-186E2013798F}.DebugGame|HTML5.Build.0 = BuiltWithUnrealBuildTool|Win32
		{9DF53E94-9AD0-4DE1-BA4E-186E2013798F}.DebugGame|Win32.ActiveCfg = BuiltWithUnrealBuildTool|Win32
		{9DF53E94-9AD0-4DE1-BA4E-186E2013798F}.DebugGame|Win32.Build.0 = BuiltWithUnrealBuildTool|Win32
		{9DF53E94-9AD0-4DE1-BA4E-186E2013798F}.DebugGame|Win64.ActiveCfg = BuiltWithUnrealBuildTool|Win32
		{9DF53E94-9AD0-4DE1-BA4E-186E2013798F}.DebugGame|Win64.Build.0 = BuiltWithUnrealBuildTool|Win32
		{9DF53E94-9AD0-4DE1-BA4E-186E2013798F}.Development Editor|HTML5.ActiveCfg = BuiltWithUnrealBuildTool|Win32
		{9DF53E94-9AD0-4DE1-BA4E-186E2013798F}.Development Editor|HTML5.Build.0 = BuiltWithUnrealBuildTool|Win32
		{9DF53E94-9AD0-4DE1-BA4E-186E2013798F}.Development Editor|Win32.ActiveCfg = BuiltWithUnrealBuildTool|Win32
		{9DF53E94-9AD0-4DE1-BA4E-186E2013798F}.Development Editor|Win32.Build.0 = BuiltWithUnrealBuildTool|Win32
		{9DF53E94-9AD0-4DE1-BA4E-186E2013798F}.Development Editor|Win64.ActiveCfg = BuiltWithUnrealBuildTool|Win32
		{9DF53E94-9AD0-4DE1-BA4E-186E2013798F}.Development Editor|Win64.Build.0 = BuiltWithUnrealBuildTool|Win32
		{9DF53E94-9AD0-4DE1-BA4E-186E2013798F}.Development|HTML5.ActiveCfg = BuiltWithUnrealBuildTool|Win32
		{9DF53E94-9AD0-4DE1-BA4E-186E2013798F}.Development|HTML5.Build.0 = BuiltWithUnrealBuildTool|Win32
		{9DF53E94-9AD0-4DE1-BA4E-186E2013798F}.Development|Win32.ActiveCfg = BuiltWithUnrealBuildTool|Win32
		{9DF53E94-9AD0-4DE1-BA4E-186E2013798F}.Development|Win32.Build.0 = BuiltWithUnrealBuildTool|Win32
		{9DF53E94-9AD0-4DE1-BA4E-186E2013798F}.Development|Win64.ActiveCfg = BuiltWithUnrealBuildTool|Win32
		{9DF53E94-9AD0-4DE1-BA4E-186E2013798F}.Development|Win64.Build.0 = BuiltWithUnrealBuildTool|Win32
		{9DF53E94-9AD0-4DE1-BA4E-186E2013798F}.Shipping|HTML5.ActiveCfg = BuiltWithUnrealBuildTool|Win32
		{9DF53E94-9AD0-4DE1-BA4E-186E2013798F}.Shipping|HTML5.Build.0 = BuiltWithUnrealBuildTool|Win32
		{9DF53E94-9AD0-4DE1-BA4E-186E2013798F}.Shipping|Win32.ActiveCfg = BuiltWithUnrealBuildTool|Win32
		{9DF53E94-9AD0-4DE1-BA4E-186E2013798F}.Shipping|Win32.Build.0 = BuiltWithUnrealBuildTool|Win32
		{9DF53E94-9AD0-4DE1-BA4E-186E2013798F}.Shipping|Win64.ActiveCfg = BuiltWithUnrealBuildTool|Win32
		{9DF53E94-9AD0-4DE1-BA4E-186E2013798F}.Shipping|Win64.Build.0 = BuiltWithUnrealBuildTool|Win32
		{1EB14050-2B6A-42BA-8F1A-95D312750B2A}.DebugGame Editor|HTML5.ActiveCfg = HTML5_DebugGame_Editor|Win32
		{1EB14050-2B6A-42BA-8F1A-95D312750B2A}.DebugGame Editor|Win32.ActiveCfg = DebugGame_Editor|Win32
		{1EB14050-2B6A-42BA-8F1A-95D312750B2A}.DebugGame Editor|Win64.ActiveCfg = DebugGame_Editor|x64
		{1EB14050-2B6A-42BA-8F1A-95D312750B2A}.DebugGame Editor|Win64.Build.0 = DebugGame_Editor|x64
		{1EB14050-2B6A-42BA-8F1A-95D312750B2A}.DebugGame|HTML5.ActiveCfg = HTML5_DebugGame_Game|Win32
		{1EB14050-2B6A-42BA-8F1A-95D312750B2A}.DebugGame|HTML5.Build.0 = HTML5_DebugGame_Game|Win32
		{1EB14050-2B6A-42BA-8F1A-95D312750B2A}.DebugGame|Win32.ActiveCfg = DebugGame_Game|Win32
		{1EB14050-2B6A-42BA-8F1A-95D312750B2A}.DebugGame|Win32.Build.0 = DebugGame_Game|Win32
		{1EB14050-2B6A-42BA-8F1A-95D312750B2A}.DebugGame|Win64.ActiveCfg = DebugGame_Game|x64
		{1EB14050-2B6A-42BA-8F1A-95D312750B2A}.DebugGame|Win64.Build.0 = DebugGame_Game|x64
		{1EB14050-2B6A-42BA-8F1A-95D312750B2A}.Development Editor|HTML5.ActiveCfg = HTML5_Development_Editor|Win32
		{1EB14050-2B6A-42BA-8F1A-95D312750B2A}.Development Editor|Win32.ActiveCfg = Development_Editor|Win32
		{1EB14050-2B6A-42BA-8F1A-95D312750B2A}.Development Editor|Win64.ActiveCfg = Development_Editor|x64
		{1EB14050-2B6A-42BA-8F1A-95D312750B2A}.Development Editor|Win64.Build.0 = Development_Editor|x64
		{1EB14050-2B6A-42BA-8F1A-95D312750B2A}.Development|HTML5.ActiveCfg = HTML5_Development_Game|Win32
		{1EB14050-2B6A-42BA-8F1A-95D312750B2A}.Development|HTML5.Build.0 = HTML5_Development_Game|Win32
		{1EB14050-2B6A-42BA-8F1A-95D312750B2A}.Development|Win32.ActiveCfg = Development_Game|Win32
		{1EB14050-2B6A-42BA-8F1A-95D312750B2A}.Development|Win32.Build.0 = Development_Game|Win32
		{1EB14050-2B6A-42BA-8F1A-95D312750B2A}.Development|Win64.ActiveCfg = Development_Game|x64
		{1EB14050-2B6A-42BA-8F1A-95D312750B2A}.Development|Win64.Build.0 = Development_Game|x64
		{1EB14050-2B6A-42BA-8F1A-95D312750B2A}.Shipping|HTML5.ActiveCfg = HTML5_Shipping_Game|Win32
		{1EB14050-2B6A-42BA-8F1A-95D312750B2A}.Shipping|HTML5.Build.0 = HTML5_Shipping_Game|Win32
		{1EB14050-2B6A-42BA-8F1A-95D312750B2A}.Shipping|Win32.ActiveCfg = Shipping_Game|Win32
		{1EB14050-2B6A-42BA-8F1A-95D312750B2A}.Shipping|Win32.Build.0 = Shipping_Game|Win32
		{1EB14050-2B6A-42BA-8F1A-95D312750B2A}.Shipping|Win64.ActiveCfg = Shipping_Game|x64
		{1EB14050-2B6A-42BA-8F1A-95D312750B2A}.Shipping|Win64.Build.0 = Shipping_Game|x64
	EndGlobalSection
	GlobalSection(SolutionProperties) = preSolution
		HideSolutionNode = FALSE
	EndGlobalSection
	GlobalSection(NestedProjects) = preSolution
		{9DF53E94-9AD0-4DE1-BA4E-186E2013798F} = {268EE59E-46D0-4FAC-A5ED-00C8D5F1402A}
		{1EB14050-2B6A-42BA-8F1A-95D312750B2A} = {4F587983-0D1B-4D64-98CB-D2746E0E620E}
	EndGlobalSection
EndGlobal
